
Microsoft Visual Studio Solution File, Format Version 12.00
# Visual Studio Version 17
VisualStudioVersion = 17.12.35521.163 d17.12
MinimumVisualStudioVersion = 10.0.40219.1
Project("{FAE04EC0-301F-11D3-BF4B-00C04F79EFBC}") = "LR3.Wpf.ProductCatalogDesktop(Kharisov)", "LR3.Wpf.ProductCatalogDesktop(Kharisov).csproj", "{9B6DFF22-2966-4C96-B985-7C87E0849D82}"
EndProject
Global
	GlobalSection(SolutionConfigurationPlatforms) = preSolution
		Debug|Any CPU = Debug|Any CPU
		Release|Any CPU = Release|Any CPU
	EndGlobalSection
	GlobalSection(ProjectConfigurationPlatforms) = postSolution
		{9B6DFF22-2966-4C96-B985-7C87E0849D82}.Debug|Any CPU.ActiveCfg = Debug|Any CPU
		{9B6DFF22-2966-4C96-B985-7C87E0849D82}.Debug|Any CPU.Build.0 = Debug|Any CPU
		{9B6DFF22-2966-4C96-B985-7C87E0849D82}.Release|Any CPU.ActiveCfg = Release|Any CPU
		{9B6DFF22-2966-4C96-B985-7C87E0849D82}.Release|Any CPU.Build.0 = Release|Any CPU
	EndGlobalSection
	GlobalSection(SolutionProperties) = preSolution
		HideSolutionNode = FALSE
	EndGlobalSection
EndGlobal
